// !$*UTF8*$!
{
	archiveVersion = 1;
	classes = {
	};
	objectVersion = 77;
	objects = {

/* Begin PBXBuildFile section */
		03322BA439762FE028116ADC /* TeamsView.swift in Sources */ = {isa = PBXBuildFile; fileRef = 93AB140AC9F51D7E0F0E2C6D /* TeamsView.swift */; };
		AA11BB22CC33DD44EE55FF66AA77BB88 /* YearComparisonView.swift in Sources */ = {isa = PBXBuildFile; fileRef = BB11AA22CC33DD44EE55FF66AA77BB99 /* YearComparisonView.swift */; };
		CC22DD33EE44FF55AA66BB77CC88DD99 /* YearComparisonTests.swift in Sources */ = {isa = PBXBuildFile; fileRef = DD33EE44FF55AA66BB77CC88DD99EE00 /* YearComparisonTests.swift */; };
		0E57D0D337381AEB2F905D79 /* PrivacyInfo.xcprivacy in Resources */ = {isa = PBXBuildFile; fileRef = 80FA4CA4AA0C875123767D0C /* PrivacyInfo.xcprivacy */; };
		14FE0A5789F558B6C9BBCA6A /* RootTabView.swift in Sources */ = {isa = PBXBuildFile; fileRef = 8E9C629EF1C253BCEAF314EF /* RootTabView.swift */; };
		189D1222312FEE374CFA4DEE /* SettingsView.swift in Sources */ = {isa = PBXBuildFile; fileRef = 147A7B626DB00162FDED79EA /* SettingsView.swift */; };
		194BDDCA1D45B8E71852DF10 /* StandardStatsLeadersView.swift in Sources */ = {isa = PBXBuildFile; fileRef = F9CBAD749A639F5A5ADCF10B /* StandardStatsLeadersView.swift */; };
		203BA78977360FDD34CE3DCE /* SavantTokens.swift in Sources */ = {isa = PBXBuildFile; fileRef = DBA717240777CE85A8A2379E /* SavantTokens.swift */; };
		3DA5F5AA0CC4C3141DB727AA /* PlayerCache.swift in Sources */ = {isa = PBXBuildFile; fileRef = 346E3D39DDC5F6FDD387016B /* PlayerCache.swift */; };
		53AAA361EDCCDA0BB2681CD8 /* Components.swift in Sources */ = {isa = PBXBuildFile; fileRef = 28F7C1A7CADA7CA917C9B9BF /* Components.swift */; };
		546D608E319D793C05C8EF0B /* DashboardViewModelTests.swift in Sources */ = {isa = PBXBuildFile; fileRef = 5656B47DF4560469CCFA8564 /* DashboardViewModelTests.swift */; };
		5ADC10C15D1FF7D02AD7E9F4 /* MetricLeadersView.swift in Sources */ = {isa = PBXBuildFile; fileRef = 91414B3D597831487B630032 /* MetricLeadersView.swift */; };
		648F3040D95418DB26BE2EE1 /* TeamView.swift in Sources */ = {isa = PBXBuildFile; fileRef = FCF08005AEA98F7CFF7919C6 /* TeamView.swift */; };
		6F02D50458D1CB07ABF1E446 /* Assets.xcassets in Resources */ = {isa = PBXBuildFile; fileRef = 3472ECB1AEDAC645F39334C8 /* Assets.xcassets */; };
		97ADF393CE14DE856A50A0B5 /* StatScoutApp.swift in Sources */ = {isa = PBXBuildFile; fileRef = ECB59368024F23FBC63D833E /* StatScoutApp.swift */; };
		A6741F572242D827B65EF326 /* DashboardView.swift in Sources */ = {isa = PBXBuildFile; fileRef = 64CFDB4111B83AFFDDABB591 /* DashboardView.swift */; };
		B254FB702E1FD23611E5472B /* DashboardViewModel.swift in Sources */ = {isa = PBXBuildFile; fileRef = 1E4FF70B13A65617E39C4E75 /* DashboardViewModel.swift */; };
		B4DCC3A1E6B450909ED5F5DC /* Player.swift in Sources */ = {isa = PBXBuildFile; fileRef = 7B12DA38BF60E2D7C4CC7DFF /* Player.swift */; };
		B5240594E14DF2FC8A45B40A /* XCTest.framework in Frameworks */ = {isa = PBXBuildFile; fileRef = E111095560BABC78B5DCB36E /* XCTest.framework */; settings = {ATTRIBUTES = (Weak, ); }; };
		B56324087E4F4F901D6586E5 /* PlayerProfileView.swift in Sources */ = {isa = PBXBuildFile; fileRef = 9AD97C159FCE484C7AA9DDDF /* PlayerProfileView.swift */; };
		B7206DA461865E379BE3029D /* MetricRankingView.swift in Sources */ = {isa = PBXBuildFile; fileRef = 00934226FB4C12145112549C /* MetricRankingView.swift */; };
		C5718F0C8435928CBF995DE5 /* StatcastAPI.swift in Sources */ = {isa = PBXBuildFile; fileRef = 15914E954BD86B91C09E5C88 /* StatcastAPI.swift */; };
		DE3E81E46D644C2617940B7E /* PlayerTests.swift in Sources */ = {isa = PBXBuildFile; fileRef = 5DC2DEECB438987B32405C3A /* PlayerTests.swift */; };
		CC22DD33EE44FF55AA66BB77CC88DD99 /* YearComparisonTests.swift in Sources */ = {isa = PBXBuildFile; fileRef = DD33EE44FF55AA66BB77CC88DD99EE00 /* YearComparisonTests.swift */; };
		F9CFA1F577A94864AB624B41 /* SampleData.swift in Sources */ = {isa = PBXBuildFile; fileRef = 2BF12CF754F018EFD7BE7729 /* SampleData.swift */; };
		FE17DDC74A43A910CD4A1CE8 /* SavantModules.swift in Sources */ = {isa = PBXBuildFile; fileRef = 9C04FC271035959EFD5300A2 /* SavantModules.swift */; };
/* End PBXBuildFile section */

/* Begin PBXContainerItemProxy section */
		BB9365F5587C5B46A0C9B785 /* PBXContainerItemProxy */ = {
			isa = PBXContainerItemProxy;
			containerPortal = 0589A9E595151E15AAE3EA06 /* Project object */;
			proxyType = 1;
			remoteGlobalIDString = FD9EADD62D769B0B5687AC9A;
			remoteInfo = StatScout;
		};
/* End PBXContainerItemProxy section */

/* Begin PBXFileReference section */
		00934226FB4C12145112549C /* MetricRankingView.swift */ = {isa = PBXFileReference; lastKnownFileType = sourcecode.swift; path = MetricRankingView.swift; sourceTree = "<group>"; };
		BB11AA22CC33DD44EE55FF66AA77BB99 /* YearComparisonView.swift */ = {isa = PBXFileReference; lastKnownFileType = sourcecode.swift; path = YearComparisonView.swift; sourceTree = "<group>"; };
		147A7B626DB00162FDED79EA /* SettingsView.swift */ = {isa = PBXFileReference; lastKnownFileType = sourcecode.swift; path = SettingsView.swift; sourceTree = "<group>"; };
		15914E954BD86B91C09E5C88 /* StatcastAPI.swift */ = {isa = PBXFileReference; lastKnownFileType = sourcecode.swift; path = StatcastAPI.swift; sourceTree = "<group>"; };
		1E4FF70B13A65617E39C4E75 /* DashboardViewModel.swift */ = {isa = PBXFileReference; lastKnownFileType = sourcecode.swift; path = DashboardViewModel.swift; sourceTree = "<group>"; };
		28F7C1A7CADA7CA917C9B9BF /* Components.swift */ = {isa = PBXFileReference; lastKnownFileType = sourcecode.swift; path = Components.swift; sourceTree = "<group>"; };
		2BF12CF754F018EFD7BE7729 /* SampleData.swift */ = {isa = PBXFileReference; lastKnownFileType = sourcecode.swift; path = SampleData.swift; sourceTree = "<group>"; };
		346E3D39DDC5F6FDD387016B /* PlayerCache.swift */ = {isa = PBXFileReference; lastKnownFileType = sourcecode.swift; path = PlayerCache.swift; sourceTree = "<group>"; };
		3472ECB1AEDAC645F39334C8 /* Assets.xcassets */ = {isa = PBXFileReference; lastKnownFileType = folder.assetcatalog; path = Assets.xcassets; sourceTree = "<group>"; };
		5656B47DF4560469CCFA8564 /* DashboardViewModelTests.swift */ = {isa = PBXFileReference; lastKnownFileType = sourcecode.swift; path = DashboardViewModelTests.swift; sourceTree = "<group>"; };
		5915A8F24A5447D26C221603 /* StatScout.entitlements */ = {isa = PBXFileReference; lastKnownFileType = text.plist.entitlements; path = StatScout.entitlements; sourceTree = "<group>"; };
		5DC2DEECB438987B32405C3A /* PlayerTests.swift */ = {isa = PBXFileReference; lastKnownFileType = sourcecode.swift; path = PlayerTests.swift; sourceTree = "<group>"; };
		DD33EE44FF55AA66BB77CC88DD99EE00 /* YearComparisonTests.swift */ = {isa = PBXFileReference; lastKnownFileType = sourcecode.swift; path = YearComparisonTests.swift; sourceTree = "<group>"; };
		64CFDB4111B83AFFDDABB591 /* DashboardView.swift */ = {isa = PBXFileReference; lastKnownFileType = sourcecode.swift; path = DashboardView.swift; sourceTree = "<group>"; };
		7617277D84B90249653F8ED5 /* StatScout.app */ = {isa = PBXFileReference; includeInIndex = 0; lastKnownFileType = wrapper.application; path = StatScout.app; sourceTree = BUILT_PRODUCTS_DIR; };
		7B12DA38BF60E2D7C4CC7DFF /* Player.swift */ = {isa = PBXFileReference; lastKnownFileType = sourcecode.swift; path = Player.swift; sourceTree = "<group>"; };
		80FA4CA4AA0C875123767D0C /* PrivacyInfo.xcprivacy */ = {isa = PBXFileReference; path = PrivacyInfo.xcprivacy; sourceTree = "<group>"; };
		8E9C629EF1C253BCEAF314EF /* RootTabView.swift */ = {isa = PBXFileReference; lastKnownFileType = sourcecode.swift; path = RootTabView.swift; sourceTree = "<group>"; };
		91414B3D597831487B630032 /* MetricLeadersView.swift */ = {isa = PBXFileReference; lastKnownFileType = sourcecode.swift; path = MetricLeadersView.swift; sourceTree = "<group>"; };
		93AB140AC9F51D7E0F0E2C6D /* TeamsView.swift */ = {isa = PBXFileReference; lastKnownFileType = sourcecode.swift; path = TeamsView.swift; sourceTree = "<group>"; };
		9AD97C159FCE484C7AA9DDDF /* PlayerProfileView.swift */ = {isa = PBXFileReference; lastKnownFileType = sourcecode.swift; path = PlayerProfileView.swift; sourceTree = "<group>"; };
		9C04FC271035959EFD5300A2 /* SavantModules.swift */ = {isa = PBXFileReference; lastKnownFileType = sourcecode.swift; path = SavantModules.swift; sourceTree = "<group>"; };
		C7699F37BE47BC9BE5A5A4B1 /* StatScoutTests.xctest */ = {isa = PBXFileReference; includeInIndex = 0; lastKnownFileType = wrapper.cfbundle; path = StatScoutTests.xctest; sourceTree = BUILT_PRODUCTS_DIR; };
		DBA717240777CE85A8A2379E /* SavantTokens.swift */ = {isa = PBXFileReference; lastKnownFileType = sourcecode.swift; path = SavantTokens.swift; sourceTree = "<group>"; };
		E111095560BABC78B5DCB36E /* XCTest.framework */ = {isa = PBXFileReference; lastKnownFileType = wrapper.framework; name = XCTest.framework; path = System/Library/Frameworks/XCTest.framework; sourceTree = SDKROOT; };
		E2D1812126A525283A3CEC7F /* Info.plist */ = {isa = PBXFileReference; lastKnownFileType = text.plist; path = Info.plist; sourceTree = "<group>"; };
		ECB59368024F23FBC63D833E /* StatScoutApp.swift */ = {isa = PBXFileReference; lastKnownFileType = sourcecode.swift; path = StatScoutApp.swift; sourceTree = "<group>"; };
		F9CBAD749A639F5A5ADCF10B /* StandardStatsLeadersView.swift */ = {isa = PBXFileReference; lastKnownFileType = sourcecode.swift; path = StandardStatsLeadersView.swift; sourceTree = "<group>"; };
		FCF08005AEA98F7CFF7919C6 /* TeamView.swift */ = {isa = PBXFileReference; lastKnownFileType = sourcecode.swift; path = TeamView.swift; sourceTree = "<group>"; };
/* End PBXFileReference section */

/* Begin PBXFrameworksBuildPhase section */
		A0D512F2B3CA023982E11731 /* Frameworks */ = {
			isa = PBXFrameworksBuildPhase;
			buildActionMask = 2147483647;
			files = (
				B5240594E14DF2FC8A45B40A /* XCTest.framework in Frameworks */,
			);
			runOnlyForDeploymentPostprocessing = 0;
		};
/* End PBXFrameworksBuildPhase section */

/* Begin PBXGroup section */
		24AC831AC255A431F132DFC4 /* Models */ = {
			isa = PBXGroup;
			children = (
				7B12DA38BF60E2D7C4CC7DFF /* Player.swift */,
			);
			path = Models;
			sourceTree = "<group>";
		};
		27D0CBB002BF71606CBF6873 /* Frameworks */ = {
			isa = PBXGroup;
			children = (
				E111095560BABC78B5DCB36E /* XCTest.framework */,
			);
			name = Frameworks;
			sourceTree = "<group>";
		};
		3EED96DE60C984339A7F3BA5 /* Products */ = {
			isa = PBXGroup;
			children = (
				7617277D84B90249653F8ED5 /* StatScout.app */,
				C7699F37BE47BC9BE5A5A4B1 /* StatScoutTests.xctest */,
			);
			name = Products;
			sourceTree = "<group>";
		};
		4C049BFF752534983EFFDE2D /* StatScoutTests */ = {
			isa = PBXGroup;
			children = (
				5656B47DF4560469CCFA8564 /* DashboardViewModelTests.swift */,
				5DC2DEECB438987B32405C3A /* PlayerTests.swift */,
				DD33EE44FF55AA66BB77CC88DD99EE00 /* YearComparisonTests.swift */,
			);
			path = StatScoutTests;
			sourceTree = "<group>";
		};
		573687D8C3B5EAED5A9F54E1 /* Data */ = {
			isa = PBXGroup;
			children = (
				2BF12CF754F018EFD7BE7729 /* SampleData.swift */,
			);
			path = Data;
			sourceTree = "<group>";
		};
		94867C5F2F1789436E52DC2E /* StatScout */ = {
			isa = PBXGroup;
			children = (
				3472ECB1AEDAC645F39334C8 /* Assets.xcassets */,
				E2D1812126A525283A3CEC7F /* Info.plist */,
				80FA4CA4AA0C875123767D0C /* PrivacyInfo.xcprivacy */,
				5915A8F24A5447D26C221603 /* StatScout.entitlements */,
				ECB59368024F23FBC63D833E /* StatScoutApp.swift */,
				573687D8C3B5EAED5A9F54E1 /* Data */,
				24AC831AC255A431F132DFC4 /* Models */,
				C13D4BF64FC7CE5A7B9F7842 /* Services */,
				D31BC3EA972E5C50A55DF25C /* ViewModels */,
				E516C2C37EAA434D0DE07DD3 /* Views */,
			);
			path = StatScout;
			sourceTree = "<group>";
		};
		ACC8037E26FA23AD71E3D081 = {
			isa = PBXGroup;
			children = (
				94867C5F2F1789436E52DC2E /* StatScout */,
				4C049BFF752534983EFFDE2D /* StatScoutTests */,
				27D0CBB002BF71606CBF6873 /* Frameworks */,
				3EED96DE60C984339A7F3BA5 /* Products */,
			);
			sourceTree = "<group>";
		};
		C13D4BF64FC7CE5A7B9F7842 /* Services */ = {
			isa = PBXGroup;
			children = (
				346E3D39DDC5F6FDD387016B /* PlayerCache.swift */,
				15914E954BD86B91C09E5C88 /* StatcastAPI.swift */,
			);
			path = Services;
			sourceTree = "<group>";
		};
		D31BC3EA972E5C50A55DF25C /* ViewModels */ = {
			isa = PBXGroup;
			children = (
				1E4FF70B13A65617E39C4E75 /* DashboardViewModel.swift */,
			);
			path = ViewModels;
			sourceTree = "<group>";
		};
		E516C2C37EAA434D0DE07DD3 /* Views */ = {
			isa = PBXGroup;
			children = (
				28F7C1A7CADA7CA917C9B9BF /* Components.swift */,
				64CFDB4111B83AFFDDABB591 /* DashboardView.swift */,
				91414B3D597831487B630032 /* MetricLeadersView.swift */,
				00934226FB4C12145112549C /* MetricRankingView.swift */,
				9AD97C159FCE484C7AA9DDDF /* PlayerProfileView.swift */,
				8E9C629EF1C253BCEAF314EF /* RootTabView.swift */,
				9C04FC271035959EFD5300A2 /* SavantModules.swift */,
				DBA717240777CE85A8A2379E /* SavantTokens.swift */,
				147A7B626DB00162FDED79EA /* SettingsView.swift */,
				F9CBAD749A639F5A5ADCF10B /* StandardStatsLeadersView.swift */,
				93AB140AC9F51D7E0F0E2C6D /* TeamsView.swift */,
				FCF08005AEA98F7CFF7919C6 /* TeamView.swift */,
			BB11AA22CC33DD44EE55FF66AA77BB99 /* YearComparisonView.swift */,
			);
			path = Views;
			sourceTree = "<group>";
		};
/* End PBXGroup section */

/* Begin PBXNativeTarget section */
		A70825F3E0922BC569026978 /* StatScoutTests */ = {
			isa = PBXNativeTarget;
			buildConfigurationList = 7DD67860025C2EC64F3FC40E /* Build configuration list for PBXNativeTarget "StatScoutTests" */;
			buildPhases = (
				5B98AABF53796930E31C2849 /* Sources */,
			);
			buildRules = (
			);
			dependencies = (
				FD5BDFA5C490A6C994A3D365 /* PBXTargetDependency */,
			);
			name = StatScoutTests;
			packageProductDependencies = (
			);
			productName = StatScoutTests;
			productReference = C7699F37BE47BC9BE5A5A4B1 /* StatScoutTests.xctest */;
			productType = "com.apple.product-type.bundle.unit-test";
		};
		FD9EADD62D769B0B5687AC9A /* StatScout */ = {
			isa = PBXNativeTarget;
			buildConfigurationList = 5AA02C652FDCD5011E23A013 /* Build configuration list for PBXNativeTarget "StatScout" */;
			buildPhases = (
				2544ECE7BFE80C32283888C9 /* Pre-build validation */,
				8D503ED964FE7ADDD8578786 /* Sources */,
				1AA49039FB2B094A9F99EF4F /* Resources */,
				A0D512F2B3CA023982E11731 /* Frameworks */,
			);
			buildRules = (
			);
			dependencies = (
			);
			name = StatScout;
			packageProductDependencies = (
			);
			productName = StatScout;
			productReference = 7617277D84B90249653F8ED5 /* StatScout.app */;
			productType = "com.apple.product-type.application";
		};
/* End PBXNativeTarget section */

/* Begin PBXProject section */
		0589A9E595151E15AAE3EA06 /* Project object */ = {
			isa = PBXProject;
			attributes = {
				BuildIndependentTargetsInParallel = YES;
				LastUpgradeCheck = 1430;
				TargetAttributes = {
					FD9EADD62D769B0B5687AC9A = {
						DevelopmentTeam = YXG4MP6W39;
					};
				};
			};
			buildConfigurationList = 90D550D9543C303546D60074 /* Build configuration list for PBXProject "StatScout" */;
			developmentRegion = en;
			hasScannedForEncodings = 0;
			knownRegions = (
				Base,
				en,
			);
			mainGroup = ACC8037E26FA23AD71E3D081;
			minimizedProjectReferenceProxies = 1;
			preferredProjectObjectVersion = 77;
			productRefGroup = 3EED96DE60C984339A7F3BA5 /* Products */;
			projectDirPath = "";
			projectRoot = "";
			targets = (
				FD9EADD62D769B0B5687AC9A /* StatScout */,
				A70825F3E0922BC569026978 /* StatScoutTests */,
			);
		};
/* End PBXProject section */

/* Begin PBXResourcesBuildPhase section */
		1AA49039FB2B094A9F99EF4F /* Resources */ = {
			isa = PBXResourcesBuildPhase;
			buildActionMask = 2147483647;
			files = (
				6F02D50458D1CB07ABF1E446 /* Assets.xcassets in Resources */,
				0E57D0D337381AEB2F905D79 /* PrivacyInfo.xcprivacy in Resources */,
			);
			runOnlyForDeploymentPostprocessing = 0;
		};
/* End PBXResourcesBuildPhase section */

/* Begin PBXShellScriptBuildPhase section */
		2544ECE7BFE80C32283888C9 /* Pre-build validation */ = {
			isa = PBXShellScriptBuildPhase;
			buildActionMask = 2147483647;
			files = (
			);
			inputFileListPaths = (
			);
			inputPaths = (
			);
			name = "Pre-build validation";
			outputFileListPaths = (
			);
			outputPaths = (
			);
			runOnlyForDeploymentPostprocessing = 0;
			shellPath = /bin/sh;
			shellScript = "if ! command -v xcodegen &> /dev/null; then\n  echo \"warning: xcodegen not found. Install via 'brew install xcodegen'.\"\nfi\nif [ -z \"$SUPABASE_URL\" ]; then\n  echo \"error: SUPABASE_URL not set.\"\n  exit 1\nfi\nif [ -z \"$SUPABASE_ANON_KEY\" ]; then\n  echo \"error: SUPABASE_ANON_KEY not set.\"\n  exit 1\nfi\n";
		};
/* End PBXShellScriptBuildPhase section */

/* Begin PBXSourcesBuildPhase section */
		5B98AABF53796930E31C2849 /* Sources */ = {
			isa = PBXSourcesBuildPhase;
			buildActionMask = 2147483647;
			files = (
				546D608E319D793C05C8EF0B /* DashboardViewModelTests.swift in Sources */,
				DE3E81E46D644C2617940B7E /* PlayerTests.swift in Sources */,
				CC22DD33EE44FF55AA66BB77CC88DD99 /* YearComparisonTests.swift in Sources */,
			);
			runOnlyForDeploymentPostprocessing = 0;
		};
		8D503ED964FE7ADDD8578786 /* Sources */ = {
			isa = PBXSourcesBuildPhase;
			buildActionMask = 2147483647;
			files = (
				53AAA361EDCCDA0BB2681CD8 /* Components.swift in Sources */,
				A6741F572242D827B65EF326 /* DashboardView.swift in Sources */,
				B254FB702E1FD23611E5472B /* DashboardViewModel.swift in Sources */,
				5ADC10C15D1FF7D02AD7E9F4 /* MetricLeadersView.swift in Sources */,
				B7206DA461865E379BE3029D /* MetricRankingView.swift in Sources */,
				B4DCC3A1E6B450909ED5F5DC /* Player.swift in Sources */,
				3DA5F5AA0CC4C3141DB727AA /* PlayerCache.swift in Sources */,
				B56324087E4F4F901D6586E5 /* PlayerProfileView.swift in Sources */,
				14FE0A5789F558B6C9BBCA6A /* RootTabView.swift in Sources */,
				F9CFA1F577A94864AB624B41 /* SampleData.swift in Sources */,
				FE17DDC74A43A910CD4A1CE8 /* SavantModules.swift in Sources */,
				203BA78977360FDD34CE3DCE /* SavantTokens.swift in Sources */,
				189D1222312FEE374CFA4DEE /* SettingsView.swift in Sources */,
				194BDDCA1D45B8E71852DF10 /* StandardStatsLeadersView.swift in Sources */,
				97ADF393CE14DE856A50A0B5 /* StatScoutApp.swift in Sources */,
				C5718F0C8435928CBF995DE5 /* StatcastAPI.swift in Sources */,
				648F3040D95418DB26BE2EE1 /* TeamView.swift in Sources */,
				03322BA439762FE028116ADC /* TeamsView.swift in Sources */,
			AA11BB22CC33DD44EE55FF66AA77BB88 /* YearComparisonView.swift in Sources */,
			);
			runOnlyForDeploymentPostprocessing = 0;
		};
/* End PBXSourcesBuildPhase section */

/* Begin PBXTargetDependency section */
		FD5BDFA5C490A6C994A3D365 /* PBXTargetDependency */ = {
			isa = PBXTargetDependency;
			target = FD9EADD62D769B0B5687AC9A /* StatScout */;
			targetProxy = BB9365F5587C5B46A0C9B785 /* PBXContainerItemProxy */;
		};
/* End PBXTargetDependency section */

/* Begin XCBuildConfiguration section */
		14C852B5E7F6B9DD1C9F470E /* Debug */ = {
			isa = XCBuildConfiguration;
			buildSettings = {
				ASSETCATALOG_COMPILER_APPICON_NAME = AppIcon;
				CODE_SIGN_ENTITLEMENTS = StatScout/StatScout.entitlements;
				CODE_SIGN_IDENTITY = "Apple Development";
				CURRENT_PROJECT_VERSION = 31;
				DEVELOPMENT_TEAM = YXG4MP6W39;
				GENERATE_INFOPLIST_FILE = NO;
				INFOPLIST_FILE = StatScout/Info.plist;
				LD_RUNPATH_SEARCH_PATHS = (
					"$(inherited)",
					"@executable_path/Frameworks",
				);
				MARKETING_VERSION = 1.0;
				PRODUCT_BUNDLE_IDENTIFIER = com.jackwallner.baseball;
				PRODUCT_NAME = "Baseball Savvy StatScout";
				SDKROOT = iphoneos;
				SUPABASE_ANON_KEY = "$(SUPABASE_ANON_KEY)";
				SUPABASE_URL = "$(SUPABASE_URL)";
				TARGETED_DEVICE_FAMILY = 1;
			};
			name = Debug;
		};
		6475E35E1E95ACB4D3A0901E /* Debug */ = {
			isa = XCBuildConfiguration;
			buildSettings = {
				ALWAYS_SEARCH_USER_PATHS = NO;
				CLANG_ANALYZER_NONNULL = YES;
				CLANG_ANALYZER_NUMBER_OBJECT_CONVERSION = YES_AGGRESSIVE;
				CLANG_CXX_LANGUAGE_STANDARD = "gnu++14";
				CLANG_CXX_LIBRARY = "libc++";
				CLANG_ENABLE_MODULES = YES;
				CLANG_ENABLE_OBJC_ARC = YES;
				CLANG_ENABLE_OBJC_WEAK = YES;
				CLANG_WARN_BLOCK_CAPTURE_AUTORELEASING = YES;
				CLANG_WARN_BOOL_CONVERSION = YES;
				CLANG_WARN_COMMA = YES;
				CLANG_WARN_CONSTANT_CONVERSION = YES;
				CLANG_WARN_DEPRECATED_OBJC_IMPLEMENTATIONS = YES;
				CLANG_WARN_DIRECT_OBJC_ISA_USAGE = YES_ERROR;
				CLANG_WARN_DOCUMENTATION_COMMENTS = YES;
				CLANG_WARN_EMPTY_BODY = YES;
				CLANG_WARN_ENUM_CONVERSION = YES;
				CLANG_WARN_INFINITE_RECURSION = YES;
				CLANG_WARN_INT_CONVERSION = YES;
				CLANG_WARN_NON_LITERAL_NULL_CONVERSION = YES;
				CLANG_WARN_OBJC_IMPLICIT_RETAIN_SELF = YES;
				CLANG_WARN_OBJC_LITERAL_CONVERSION = YES;
				CLANG_WARN_OBJC_ROOT_CLASS = YES_ERROR;
				CLANG_WARN_QUOTED_INCLUDE_IN_FRAMEWORK_HEADER = YES;
				CLANG_WARN_RANGE_LOOP_ANALYSIS = YES;
				CLANG_WARN_STRICT_PROTOTYPES = YES;
				CLANG_WARN_SUSPICIOUS_MOVE = YES;
				CLANG_WARN_UNGUARDED_AVAILABILITY = YES_AGGRESSIVE;
				CLANG_WARN_UNREACHABLE_CODE = YES;
				CLANG_WARN__DUPLICATE_METHOD_MATCH = YES;
				COPY_PHASE_STRIP = NO;
				DEBUG_INFORMATION_FORMAT = dwarf;
				ENABLE_STRICT_OBJC_MSGSEND = YES;
				ENABLE_TESTABILITY = YES;
				GCC_C_LANGUAGE_STANDARD = gnu11;
				GCC_DYNAMIC_NO_PIC = NO;
				GCC_NO_COMMON_BLOCKS = YES;
				GCC_OPTIMIZATION_LEVEL = 0;
				GCC_PREPROCESSOR_DEFINITIONS = (
					"$(inherited)",
					"DEBUG=1",
				);
				GCC_WARN_64_TO_32_BIT_CONVERSION = YES;
				GCC_WARN_ABOUT_RETURN_TYPE = YES_ERROR;
				GCC_WARN_UNDECLARED_SELECTOR = YES;
				GCC_WARN_UNINITIALIZED_AUTOS = YES_AGGRESSIVE;
				GCC_WARN_UNUSED_FUNCTION = YES;
				GCC_WARN_UNUSED_VARIABLE = YES;
				IPHONEOS_DEPLOYMENT_TARGET = 17.0;
				MTL_ENABLE_DEBUG_INFO = INCLUDE_SOURCE;
				MTL_FAST_MATH = YES;
				ONLY_ACTIVE_ARCH = YES;
				PRODUCT_NAME = "$(TARGET_NAME)";
				SDKROOT = iphoneos;
				SWIFT_ACTIVE_COMPILATION_CONDITIONS = DEBUG;
				SWIFT_OPTIMIZATION_LEVEL = "-Onone";
				SWIFT_VERSION = 6.0;
			};
			name = Debug;
		};
		718857AA849B8CE27E65981C /* Debug */ = {
			isa = XCBuildConfiguration;
			buildSettings = {
				BUNDLE_LOADER = "$(TEST_HOST)";
				GENERATE_INFOPLIST_FILE = YES;
				LD_RUNPATH_SEARCH_PATHS = (
					"$(inherited)",
					"@executable_path/Frameworks",
					"@loader_path/Frameworks",
				);
				SDKROOT = iphoneos;
				TARGETED_DEVICE_FAMILY = "1,2";
				TEST_HOST = "$(BUILT_PRODUCTS_DIR)/Baseball Savvy StatScout.app/Baseball Savvy StatScout";
			};
			name = Debug;
		};
		851CF1F0E6A9A53651FC594C /* Release */ = {
			isa = XCBuildConfiguration;
			buildSettings = {
				ASSETCATALOG_COMPILER_APPICON_NAME = AppIcon;
				CODE_SIGN_ENTITLEMENTS = StatScout/StatScout.entitlements;
				CODE_SIGN_IDENTITY = "iPhone Developer";
				CURRENT_PROJECT_VERSION = 31;
				DEVELOPMENT_TEAM = YXG4MP6W39;
				GENERATE_INFOPLIST_FILE = NO;
				INFOPLIST_FILE = StatScout/Info.plist;
				LD_RUNPATH_SEARCH_PATHS = (
					"$(inherited)",
					"@executable_path/Frameworks",
				);
				MARKETING_VERSION = 1.0;
				PRODUCT_BUNDLE_IDENTIFIER = com.jackwallner.baseball;
				PRODUCT_NAME = "Baseball Savvy StatScout";
				PROVISIONING_PROFILE_SPECIFIER = "$(PROVISIONING_PROFILE_SPECIFIER)";
				SDKROOT = iphoneos;
				SUPABASE_ANON_KEY = "$(SUPABASE_ANON_KEY)";
				SUPABASE_URL = "$(SUPABASE_URL)";
				TARGETED_DEVICE_FAMILY = 1;
			};
			name = Release;
		};
		CE9E5C3CC3B516E1B5CB657A /* Release */ = {
			isa = XCBuildConfiguration;
			buildSettings = {
				ALWAYS_SEARCH_USER_PATHS = NO;
				CLANG_ANALYZER_NONNULL = YES;
				CLANG_ANALYZER_NUMBER_OBJECT_CONVERSION = YES_AGGRESSIVE;
				CLANG_CXX_LANGUAGE_STANDARD = "gnu++14";
				CLANG_CXX_LIBRARY = "libc++";
				CLANG_ENABLE_MODULES = YES;
				CLANG_ENABLE_OBJC_ARC = YES;
				CLANG_ENABLE_OBJC_WEAK = YES;
				CLANG_WARN_BLOCK_CAPTURE_AUTORELEASING = YES;
				CLANG_WARN_BOOL_CONVERSION = YES;
				CLANG_WARN_COMMA = YES;
				CLANG_WARN_CONSTANT_CONVERSION = YES;
				CLANG_WARN_DEPRECATED_OBJC_IMPLEMENTATIONS = YES;
				CLANG_WARN_DIRECT_OBJC_ISA_USAGE = YES_ERROR;
				CLANG_WARN_DOCUMENTATION_COMMENTS = YES;
				CLANG_WARN_EMPTY_BODY = YES;
				CLANG_WARN_ENUM_CONVERSION = YES;
				CLANG_WARN_INFINITE_RECURSION = YES;
				CLANG_WARN_INT_CONVERSION = YES;
				CLANG_WARN_NON_LITERAL_NULL_CONVERSION = YES;
				CLANG_WARN_OBJC_IMPLICIT_RETAIN_SELF = YES;
				CLANG_WARN_OBJC_LITERAL_CONVERSION = YES;
				CLANG_WARN_OBJC_ROOT_CLASS = YES_ERROR;
				CLANG_WARN_QUOTED_INCLUDE_IN_FRAMEWORK_HEADER = YES;
				CLANG_WARN_RANGE_LOOP_ANALYSIS = YES;
				CLANG_WARN_STRICT_PROTOTYPES = YES;
				CLANG_WARN_SUSPICIOUS_MOVE = YES;
				CLANG_WARN_UNGUARDED_AVAILABILITY = YES_AGGRESSIVE;
				CLANG_WARN_UNREACHABLE_CODE = YES;
				CLANG_WARN__DUPLICATE_METHOD_MATCH = YES;
				COPY_PHASE_STRIP = NO;
				DEBUG_INFORMATION_FORMAT = "dwarf-with-dsym";
				ENABLE_NS_ASSERTIONS = NO;
				ENABLE_STRICT_OBJC_MSGSEND = YES;
				GCC_C_LANGUAGE_STANDARD = gnu11;
				GCC_NO_COMMON_BLOCKS = YES;
				GCC_WARN_64_TO_32_BIT_CONVERSION = YES;
				GCC_WARN_ABOUT_RETURN_TYPE = YES_ERROR;
				GCC_WARN_UNDECLARED_SELECTOR = YES;
				GCC_WARN_UNINITIALIZED_AUTOS = YES_AGGRESSIVE;
				GCC_WARN_UNUSED_FUNCTION = YES;
				GCC_WARN_UNUSED_VARIABLE = YES;
				IPHONEOS_DEPLOYMENT_TARGET = 17.0;
				MTL_ENABLE_DEBUG_INFO = NO;
				MTL_FAST_MATH = YES;
				PRODUCT_NAME = "$(TARGET_NAME)";
				SDKROOT = iphoneos;
				SWIFT_COMPILATION_MODE = wholemodule;
				SWIFT_OPTIMIZATION_LEVEL = "-O";
				SWIFT_VERSION = 6.0;
			};
			name = Release;
		};
		D3CBB2EED480481E9B457130 /* Release */ = {
			isa = XCBuildConfiguration;
			buildSettings = {
				BUNDLE_LOADER = "$(TEST_HOST)";
				GENERATE_INFOPLIST_FILE = YES;
				LD_RUNPATH_SEARCH_PATHS = (
					"$(inherited)",
					"@executable_path/Frameworks",
					"@loader_path/Frameworks",
				);
				SDKROOT = iphoneos;
				TARGETED_DEVICE_FAMILY = "1,2";
				TEST_HOST = "$(BUILT_PRODUCTS_DIR)/Baseball Savvy StatScout.app/Baseball Savvy StatScout";
			};
			name = Release;
		};
/* End XCBuildConfiguration section */

/* Begin XCConfigurationList section */
		5AA02C652FDCD5011E23A013 /* Build configuration list for PBXNativeTarget "StatScout" */ = {
			isa = XCConfigurationList;
			buildConfigurations = (
				14C852B5E7F6B9DD1C9F470E /* Debug */,
				851CF1F0E6A9A53651FC594C /* Release */,
			);
			defaultConfigurationIsVisible = 0;
			defaultConfigurationName = Debug;
		};
		7DD67860025C2EC64F3FC40E /* Build configuration list for PBXNativeTarget "StatScoutTests" */ = {
			isa = XCConfigurationList;
			buildConfigurations = (
				718857AA849B8CE27E65981C /* Debug */,
				D3CBB2EED480481E9B457130 /* Release */,
			);
			defaultConfigurationIsVisible = 0;
			defaultConfigurationName = Debug;
		};
		90D550D9543C303546D60074 /* Build configuration list for PBXProject "StatScout" */ = {
			isa = XCConfigurationList;
			buildConfigurations = (
				6475E35E1E95ACB4D3A0901E /* Debug */,
				CE9E5C3CC3B516E1B5CB657A /* Release */,
			);
			defaultConfigurationIsVisible = 0;
			defaultConfigurationName = Debug;
		};
/* End XCConfigurationList section */
	};
	rootObject = 0589A9E595151E15AAE3EA06 /* Project object */;
}
